// !$*UTF8*$!
{
	archiveVersion = 1;
	classes = {
	};
	objectVersion = 46;
	objects = {

/* Begin PBXBuildFile section */
		13A507F71D4BADA400C07653 /* AppDelegate.swift in Sources */ = {isa = PBXBuildFile; fileRef = 13A507F61D4BADA400C07653 /* AppDelegate.swift */; };
		13A507F91D4BADA400C07653 /* ViewController.swift in Sources */ = {isa = PBXBuildFile; fileRef = 13A507F81D4BADA400C07653 /* ViewController.swift */; };
		13A507FC1D4BADA400C07653 /* Main.storyboard in Resources */ = {isa = PBXBuildFile; fileRef = 13A507FA1D4BADA400C07653 /* Main.storyboard */; };
		13A507FE1D4BADA400C07653 /* Assets.xcassets in Resources */ = {isa = PBXBuildFile; fileRef = 13A507FD1D4BADA400C07653 /* Assets.xcassets */; };
		13A508011D4BADA400C07653 /* LaunchScreen.storyboard in Resources */ = {isa = PBXBuildFile; fileRef = 13A507FF1D4BADA400C07653 /* LaunchScreen.storyboard */; };
		13A5080C1D4BADA400C07653 /* FirstCommitTests.swift in Sources */ = {isa = PBXBuildFile; fileRef = 13A5080B1D4BADA400C07653 /* FirstCommitTests.swift */; };
		13A508171D4BADA500C07653 /* FirstCommitUITests.swift in Sources */ = {isa = PBXBuildFile; fileRef = 13A508161D4BADA500C07653 /* FirstCommitUITests.swift */; };
/* End PBXBuildFile section */

/* Begin PBXContainerItemProxy section */
		13A508081D4BADA400C07653 /* PBXContainerItemProxy */ = {
			isa = PBXContainerItemProxy;
			containerPortal = 13A507EB1D4BADA300C07653 /* Project object */;
			proxyType = 1;
			remoteGlobalIDString = 13A507F21D4BADA400C07653;
			remoteInfo = FirstCommit;
		};
		13A508131D4BADA500C07653 /* PBXContainerItemProxy */ = {
			isa = PBXContainerItemProxy;
			containerPortal = 13A507EB1D4BADA300C07653 /* Project object */;
			proxyType = 1;
			remoteGlobalIDString = 13A507F21D4BADA400C07653;
			remoteInfo = FirstCommit;
		};
/* End PBXContainerItemProxy section */

/* Begin PBXFileReference section */
		13A507F31D4BADA400C07653 /* FirstCommit.app */ = {isa = PBXFileReference; explicitFileType = wrapper.application; includeInIndex = 0; path = FirstCommit.app; sourceTree = BUILT_PRODUCTS_DIR; };
		13A507F61D4BADA400C07653 /* AppDelegate.swift */ = {isa = PBXFileReference; lastKnownFileType = sourcecode.swift; path = AppDelegate.swift; sourceTree = "<group>"; };
		13A507F81D4BADA400C07653 /* ViewController.swift */ = {isa = PBXFileReference; lastKnownFileType = sourcecode.swift; path = ViewController.swift; sourceTree = "<group>"; };
		13A507FB1D4BADA400C07653 /* Base */ = {isa = PBXFileReference; lastKnownFileType = file.storyboard; name = Base; path = Base.lproj/Main.storyboard; sourceTree = "<group>"; };
		13A507FD1D4BADA400C07653 /* Assets.xcassets */ = {isa = PBXFileReference; lastKnownFileType = folder.assetcatalog; path = Assets.xcassets; sourceTree = "<group>"; };
		13A508001D4BADA400C07653 /* Base */ = {isa = PBXFileReference; lastKnownFileType = file.storyboard; name = Base; path = Base.lproj/LaunchScreen.storyboard; sourceTree = "<group>"; };
		13A508021D4BADA400C07653 /* Info.plist */ = {isa = PBXFileReference; lastKnownFileType = text.plist.xml; path = Info.plist; sourceTree = "<group>"; };
		13A508071D4BADA400C07653 /* FirstCommitTests.xctest */ = {isa = PBXFileReference; explicitFileType = wrapper.cfbundle; includeInIndex = 0; path = FirstCommitTests.xctest; sourceTree = BUILT_PRODUCTS_DIR; };
		13A5080B1D4BADA400C07653 /* FirstCommitTests.swift */ = {isa = PBXFileReference; lastKnownFileType = sourcecode.swift; path = FirstCommitTests.swift; sourceTree = "<group>"; };
		13A5080D1D4BADA400C07653 /* Info.plist */ = {isa = PBXFileReference; lastKnownFileType = text.plist.xml; path = Info.plist; sourceTree = "<group>"; };
		13A508121D4BADA500C07653 /* FirstCommitUITests.xctest */ = {isa = PBXFileReference; explicitFileType = wrapper.cfbundle; includeInIndex = 0; path = FirstCommitUITests.xctest; sourceTree = BUILT_PRODUCTS_DIR; };
		13A508161D4BADA500C07653 /* FirstCommitUITests.swift */ = {isa = PBXFileReference; lastKnownFileType = sourcecode.swift; path = FirstCommitUITests.swift; sourceTree = "<group>"; };
		13A508181D4BADA500C07653 /* Info.plist */ = {isa = PBXFileReference; lastKnownFileType = text.plist.xml; path = Info.plist; sourceTree = "<group>"; };
/* End PBXFileReference section */

/* Begin PBXFrameworksBuildPhase section */
		13A507F01D4BADA400C07653 /* Frameworks */ = {
			isa = PBXFrameworksBuildPhase;
			buildActionMask = 2147483647;
			files = (
			);
			runOnlyForDeploymentPostprocessing = 0;
		};
		13A508041D4BADA400C07653 /* Frameworks */ = {
			isa = PBXFrameworksBuildPhase;
			buildActionMask = 2147483647;
			files = (
			);
			runOnlyForDeploymentPostprocessing = 0;
		};
		13A5080F1D4BADA400C07653 /* Frameworks */ = {
			isa = PBXFrameworksBuildPhase;
			buildActionMask = 2147483647;
			files = (
			);
			runOnlyForDeploymentPostprocessing = 0;
		};
/* End PBXFrameworksBuildPhase section */

/* Begin PBXGroup section */
		13A507EA1D4BADA300C07653 = {
			isa = PBXGroup;
			children = (
				13A507F51D4BADA400C07653 /* FirstCommit */,
				13A5080A1D4BADA400C07653 /* FirstCommitTests */,
				13A508151D4BADA500C07653 /* FirstCommitUITests */,
				13A507F41D4BADA400C07653 /* Products */,
			);
			sourceTree = "<group>";
		};
		13A507F41D4BADA400C07653 /* Products */ = {
			isa = PBXGroup;
			children = (
				13A507F31D4BADA400C07653 /* FirstCommit.app */,
				13A508071D4BADA400C07653 /* FirstCommitTests.xctest */,
				13A508121D4BADA500C07653 /* FirstCommitUITests.xctest */,
			);
			name = Products;
			sourceTree = "<group>";
		};
		13A507F51D4BADA400C07653 /* FirstCommit */ = {
			isa = PBXGroup;
			children = (
				13A507F61D4BADA400C07653 /* AppDelegate.swift */,
				13A507F81D4BADA400C07653 /* ViewController.swift */,
				13A507FA1D4BADA400C07653 /* Main.storyboard */,
				13A507FD1D4BADA400C07653 /* Assets.xcassets */,
				13A507FF1D4BADA400C07653 /* LaunchScreen.storyboard */,
				13A508021D4BADA400C07653 /* Info.plist */,
			);
			path = FirstCommit;
			sourceTree = "<group>";
		};
		13A5080A1D4BADA400C07653 /* FirstCommitTests */ = {
			isa = PBXGroup;
			children = (
				13A5080B1D4BADA400C07653 /* FirstCommitTests.swift */,
				13A5080D1D4BADA400C07653 /* Info.plist */,
			);
			path = FirstCommitTests;
			sourceTree = "<group>";
		};
		13A508151D4BADA500C07653 /* FirstCommitUITests */ = {
			isa = PBXGroup;
			children = (
				13A508161D4BADA500C07653 /* FirstCommitUITests.swift */,
				13A508181D4BADA500C07653 /* Info.plist */,
			);
			path = FirstCommitUITests;
			sourceTree = "<group>";
		};
/* End PBXGroup section */

/* Begin PBXNativeTarget section */
		13A507F21D4BADA400C07653 /* FirstCommit */ = {
			isa = PBXNativeTarget;
			buildConfigurationList = 13A5081B1D4BADA500C07653 /* Build configuration list for PBXNativeTarget "FirstCommit" */;
			buildPhases = (
				13A507EF1D4BADA400C07653 /* Sources */,
				13A507F01D4BADA400C07653 /* Frameworks */,
				13A507F11D4BADA400C07653 /* Resources */,
			);
			buildRules = (
			);
			dependencies = (
			);
			name = FirstCommit;
			productName = FirstCommit;
			productReference = 13A507F31D4BADA400C07653 /* FirstCommit.app */;
			productType = "com.apple.product-type.application";
		};
		13A508061D4BADA400C07653 /* FirstCommitTests */ = {
			isa = PBXNativeTarget;
			buildConfigurationList = 13A5081E1D4BADA500C07653 /* Build configuration list for PBXNativeTarget "FirstCommitTests" */;
			buildPhases = (
				13A508031D4BADA400C07653 /* Sources */,
				13A508041D4BADA400C07653 /* Frameworks */,
				13A508051D4BADA400C07653 /* Resources */,
			);
			buildRules = (
			);
			dependencies = (
				13A508091D4BADA400C07653 /* PBXTargetDependency */,
			);
			name = FirstCommitTests;
			productName = FirstCommitTests;
			productReference = 13A508071D4BADA400C07653 /* FirstCommitTests.xctest */;
			productType = "com.apple.product-type.bundle.unit-test";
		};
		13A508111D4BADA400C07653 /* FirstCommitUITests */ = {
			isa = PBXNativeTarget;
			buildConfigurationList = 13A508211D4BADA500C07653 /* Build configuration list for PBXNativeTarget "FirstCommitUITests" */;
			buildPhases = (
				13A5080E1D4BADA400C07653 /* Sources */,
				13A5080F1D4BADA400C07653 /* Frameworks */,
				13A508101D4BADA400C07653 /* Resources */,
			);
			buildRules = (
			);
			dependencies = (
				13A508141D4BADA500C07653 /* PBXTargetDependency */,
			);
			name = FirstCommitUITests;
			productName = FirstCommitUITests;
			productReference = 13A508121D4BADA500C07653 /* FirstCommitUITests.xctest */;
			productType = "com.apple.product-type.bundle.ui-testing";
		};
/* End PBXNativeTarget section */

/* Begin PBXProject section */
		13A507EB1D4BADA300C07653 /* Project object */ = {
			isa = PBXProject;
			attributes = {
				LastSwiftUpdateCheck = 0710;
				LastUpgradeCheck = 0710;
				ORGANIZATIONNAME = Saini;
				TargetAttributes = {
					13A507F21D4BADA400C07653 = {
						CreatedOnToolsVersion = 7.1.1;
					};
					13A508061D4BADA400C07653 = {
						CreatedOnToolsVersion = 7.1.1;
						TestTargetID = 13A507F21D4BADA400C07653;
					};
					13A508111D4BADA400C07653 = {
						CreatedOnToolsVersion = 7.1.1;
						TestTargetID = 13A507F21D4BADA400C07653;
					};
				};
			};
			buildConfigurationList = 13A507EE1D4BADA300C07653 /* Build configuration list for PBXProject "FirstCommit" */;
			compatibilityVersion = "Xcode 3.2";
			developmentRegion = English;
			hasScannedForEncodings = 0;
			knownRegions = (
				en,
				Base,
			);
			mainGroup = 13A507EA1D4BADA300C07653;
			productRefGroup = 13A507F41D4BADA400C07653 /* Products */;
			projectDirPath = "";
			projectRoot = "";
			targets = (
				13A507F21D4BADA400C07653 /* FirstCommit */,
				13A508061D4BADA400C07653 /* FirstCommitTests */,
				13A508111D4BADA400C07653 /* FirstCommitUITests */,
			);
		};
/* End PBXProject section */

/* Begin PBXResourcesBuildPhase section */
		13A507F11D4BADA400C07653 /* Resources */ = {
			isa = PBXResourcesBuildPhase;
			buildActionMask = 2147483647;
			files = (
				13A508011D4BADA400C07653 /* LaunchScreen.storyboard in Resources */,
				13A507FE1D4BADA400C07653 /* Assets.xcassets in Resources */,
				13A507FC1D4BADA400C07653 /* Main.storyboard in Resources */,
			);
			runOnlyForDeploymentPostprocessing = 0;
		};
		13A508051D4BADA400C07653 /* Resources */ = {
			isa = PBXResourcesBuildPhase;
			buildActionMask = 2147483647;
			files = (
			);
			runOnlyForDeploymentPostprocessing = 0;
		};
		13A508101D4BADA400C07653 /* Resources */ = {
			isa = PBXResourcesBuildPhase;
			buildActionMask = 2147483647;
			files = (
			);
			runOnlyForDeploymentPostprocessing = 0;
		};
/* End PBXResourcesBuildPhase section */

/* Begin PBXSourcesBuildPhase section */
		13A507EF1D4BADA400C07653 /* Sources */ = {
			isa = PBXSourcesBuildPhase;
			buildActionMask = 2147483647;
			files = (
				13A507F91D4BADA400C07653 /* ViewController.swift in Sources */,
				13A507F71D4BADA400C07653 /* AppDelegate.swift in Sources */,
			);
			runOnlyForDeploymentPostprocessing = 0;
		};
		13A508031D4BADA400C07653 /* Sources */ = {
			isa = PBXSourcesBuildPhase;
			buildActionMask = 2147483647;
			files = (
				13A5080C1D4BADA400C07653 /* FirstCommitTests.swift in Sources */,
			);
			runOnlyForDeploymentPostprocessing = 0;
		};
		13A5080E1D4BADA400C07653 /* Sources */ = {
			isa = PBXSourcesBuildPhase;
			buildActionMask = 2147483647;
			files = (
				13A508171D4BADA500C07653 /* FirstCommitUITests.swift in Sources */,
			);
			runOnlyForDeploymentPostprocessing = 0;
		};
/* End PBXSourcesBuildPhase section */

/* Begin PBXTargetDependency section */
		13A508091D4BADA400C07653 /* PBXTargetDependency */ = {
			isa = PBXTargetDependency;
			target = 13A507F21D4BADA400C07653 /* FirstCommit */;
			targetProxy = 13A508081D4BADA400C07653 /* PBXContainerItemProxy */;
		};
		13A508141D4BADA500C07653 /* PBXTargetDependency */ = {
			isa = PBXTargetDependency;
			target = 13A507F21D4BADA400C07653 /* FirstCommit */;
			targetProxy = 13A508131D4BADA500C07653 /* PBXContainerItemProxy */;
		};
/* End PBXTargetDependency section */

/* Begin PBXVariantGroup section */
		13A507FA1D4BADA400C07653 /* Main.storyboard */ = {
			isa = PBXVariantGroup;
			children = (
				13A507FB1D4BADA400C07653 /* Base */,
			);
			name = Main.storyboard;
			sourceTree = "<group>";
		};
		13A507FF1D4BADA400C07653 /* LaunchScreen.storyboard */ = {
			isa = PBXVariantGroup;
			children = (
				13A508001D4BADA400C07653 /* Base */,
			);
			name = LaunchScreen.storyboard;
			sourceTree = "<group>";
		};
/* End PBXVariantGroup section */

/* Begin XCBuildConfiguration section */
		13A508191D4BADA500C07653 /* Debug */ = {
			isa = XCBuildConfiguration;
			buildSettings = {
				ALWAYS_SEARCH_USER_PATHS = NO;
				CLANG_CXX_LANGUAGE_STANDARD = "gnu++0x";
				CLANG_CXX_LIBRARY = "libc++";
				CLANG_ENABLE_MODULES = YES;
				CLANG_ENABLE_OBJC_ARC = YES;
				CLANG_WARN_BOOL_CONVERSION = YES;
				CLANG_WARN_CONSTANT_CONVERSION = YES;
				CLANG_WARN_DIRECT_OBJC_ISA_USAGE = YES_ERROR;
				CLANG_WARN_EMPTY_BODY = YES;
				CLANG_WARN_ENUM_CONVERSION = YES;
				CLANG_WARN_INT_CONVERSION = YES;
				CLANG_WARN_OBJC_ROOT_CLASS = YES_ERROR;
				CLANG_WARN_UNREACHABLE_CODE = YES;
				CLANG_WARN__DUPLICATE_METHOD_MATCH = YES;
				"CODE_SIGN_IDENTITY[sdk=iphoneos*]" = "iPhone Developer";
				COPY_PHASE_STRIP = NO;
				DEBUG_INFORMATION_FORMAT = dwarf;
				ENABLE_STRICT_OBJC_MSGSEND = YES;
				ENABLE_TESTABILITY = YES;
				GCC_C_LANGUAGE_STANDARD = gnu99;
				GCC_DYNAMIC_NO_PIC = NO;
				GCC_NO_COMMON_BLOCKS = YES;
				GCC_OPTIMIZATION_LEVEL = 0;
				GCC_PREPROCESSOR_DEFINITIONS = (
					"DEBUG=1",
					"$(inherited)",
				);
				GCC_WARN_64_TO_32_BIT_CONVERSION = YES;
				GCC_WARN_ABOUT_RETURN_TYPE = YES_ERROR;
				GCC_WARN_UNDECLARED_SELECTOR = YES;
				GCC_WARN_UNINITIALIZED_AUTOS = YES_AGGRESSIVE;
				GCC_WARN_UNUSED_FUNCTION = YES;
				GCC_WARN_UNUSED_VARIABLE = YES;
				IPHONEOS_DEPLOYMENT_TARGET = 9.1;
				MTL_ENABLE_DEBUG_INFO = YES;
				ONLY_ACTIVE_ARCH = YES;
				SDKROOT = iphoneos;
				SWIFT_OPTIMIZATION_LEVEL = "-Onone";
			};
			name = Debug;
		};
		13A5081A1D4BADA500C07653 /* Release */ = {
			isa = XCBuildConfiguration;
			buildSettings = {
				ALWAYS_SEARCH_USER_PATHS = NO;
				CLANG_CXX_LANGUAGE_STANDARD = "gnu++0x";
				CLANG_CXX_LIBRARY = "libc++";
				CLANG_ENABLE_MODULES = YES;
				CLANG_ENABLE_OBJC_ARC = YES;
				CLANG_WARN_BOOL_CONVERSION = YES;
				CLANG_WARN_CONSTANT_CONVERSION = YES;
				CLANG_WARN_DIRECT_OBJC_ISA_USAGE = YES_ERROR;
				CLANG_WARN_EMPTY_BODY = YES;
				CLANG_WARN_ENUM_CONVERSION = YES;
				CLANG_WARN_INT_CONVERSION = YES;
				CLANG_WARN_OBJC_ROOT_CLASS = YES_ERROR;
				CLANG_WARN_UNREACHABLE_CODE = YES;
				CLANG_WARN__DUPLICATE_METHOD_MATCH = YES;
				"CODE_SIGN_IDENTITY[sdk=iphoneos*]" = "iPhone Developer";
				COPY_PHASE_STRIP = NO;
				DEBUG_INFORMATION_FORMAT = "dwarf-with-dsym";
				ENABLE_NS_ASSERTIONS = NO;
				ENABLE_STRICT_OBJC_MSGSEND = YES;
				GCC_C_LANGUAGE_STANDARD = gnu99;
				GCC_NO_COMMON_BLOCKS = YES;
				GCC_WARN_64_TO_32_BIT_CONVERSION = YES;
				GCC_WARN_ABOUT_RETURN_TYPE = YES_ERROR;
				GCC_WARN_UNDECLARED_SELECTOR = YES;
				GCC_WARN_UNINITIALIZED_AUTOS = YES_AGGRESSIVE;
				GCC_WARN_UNUSED_FUNCTION = YES;
				GCC_WARN_UNUSED_VARIABLE = YES;
				IPHONEOS_DEPLOYMENT_TARGET = 9.1;
				MTL_ENABLE_DEBUG_INFO = NO;
				SDKROOT = iphoneos;
				VALIDATE_PRODUCT = YES;
			};
			name = Release;
		};
		13A5081C1D4BADA500C07653 /* Debug */ = {
			isa = XCBuildConfiguration;
			buildSettings = {
				ASSETCATALOG_COMPILER_APPICON_NAME = AppIcon;
				INFOPLIST_FILE = FirstCommit/Info.plist;
				LD_RUNPATH_SEARCH_PATHS = "$(inherited) @executable_path/Frameworks";
				PRODUCT_BUNDLE_IDENTIFIER = Saini.FirstCommit;
				PRODUCT_NAME = "$(TARGET_NAME)";
			};
			name = Debug;
		};
		13A5081D1D4BADA500C07653 /* Release */ = {
			isa = XCBuildConfiguration;
			buildSettings = {
				ASSETCATALOG_COMPILER_APPICON_NAME = AppIcon;
				INFOPLIST_FILE = FirstCommit/Info.plist;
				LD_RUNPATH_SEARCH_PATHS = "$(inherited) @executable_path/Frameworks";
				PRODUCT_BUNDLE_IDENTIFIER = Saini.FirstCommit;
				PRODUCT_NAME = "$(TARGET_NAME)";
			};
			name = Release;
		};
		13A5081F1D4BADA500C07653 /* Debug */ = {
			isa = XCBuildConfiguration;
			buildSettings = {
				BUNDLE_LOADER = "$(TEST_HOST)";
				INFOPLIST_FILE = FirstCommitTests/Info.plist;
				LD_RUNPATH_SEARCH_PATHS = "$(inherited) @executable_path/Frameworks @loader_path/Frameworks";
				PRODUCT_BUNDLE_IDENTIFIER = Saini.FirstCommitTests;
				PRODUCT_NAME = "$(TARGET_NAME)";
				TEST_HOST = "$(BUILT_PRODUCTS_DIR)/FirstCommit.app/FirstCommit";
			};
			name = Debug;
		};
		13A508201D4BADA500C07653 /* Release */ = {
			isa = XCBuildConfiguration;
			buildSettings = {
				BUNDLE_LOADER = "$(TEST_HOST)";
				INFOPLIST_FILE = FirstCommitTests/Info.plist;
				LD_RUNPATH_SEARCH_PATHS = "$(inherited) @executable_path/Frameworks @loader_path/Frameworks";
				PRODUCT_BUNDLE_IDENTIFIER = Saini.FirstCommitTests;
				PRODUCT_NAME = "$(TARGET_NAME)";
				TEST_HOST = "$(BUILT_PRODUCTS_DIR)/FirstCommit.app/FirstCommit";
			};
			name = Release;
		};
		13A508221D4BADA500C07653 /* Debug */ = {
			isa = XCBuildConfiguration;
			buildSettings = {
				INFOPLIST_FILE = FirstCommitUITests/Info.plist;
				LD_RUNPATH_SEARCH_PATHS = "$(inherited) @executable_path/Frameworks @loader_path/Frameworks";
				PRODUCT_BUNDLE_IDENTIFIER = Saini.FirstCommitUITests;
				PRODUCT_NAME = "$(TARGET_NAME)";
				TEST_TARGET_NAME = FirstCommit;
				USES_XCTRUNNER = YES;
			};
			name = Debug;
		};
		13A508231D4BADA500C07653 /* Release */ = {
			isa = XCBuildConfiguration;
			buildSettings = {
				INFOPLIST_FILE = FirstCommitUITests/Info.plist;
				LD_RUNPATH_SEARCH_PATHS = "$(inherited) @executable_path/Frameworks @loader_path/Frameworks";
				PRODUCT_BUNDLE_IDENTIFIER = Saini.FirstCommitUITests;
				PRODUCT_NAME = "$(TARGET_NAME)";
				TEST_TARGET_NAME = FirstCommit;
				USES_XCTRUNNER = YES;
			};
			name = Release;
		};
/* End XCBuildConfiguration section */

/* Begin XCConfigurationList section */
		13A507EE1D4BADA300C07653 /* Build configuration list for PBXProject "FirstCommit" */ = {
			isa = XCConfigurationList;
			buildConfigurations = (
				13A508191D4BADA500C07653 /* Debug */,
				13A5081A1D4BADA500C07653 /* Release */,
			);
			defaultConfigurationIsVisible = 0;
			defaultConfigurationName = Release;
		};
		13A5081B1D4BADA500C07653 /* Build configuration list for PBXNativeTarget "FirstCommit" */ = {
			isa = XCConfigurationList;
			buildConfigurations = (
				13A5081C1D4BADA500C07653 /* Debug */,
				13A5081D1D4BADA500C07653 /* Release */,
			);
			defaultConfigurationIsVisible = 0;
		};
		13A5081E1D4BADA500C07653 /* Build configuration list for PBXNativeTarget "FirstCommitTests" */ = {
			isa = XCConfigurationList;
			buildConfigurations = (
				13A5081F1D4BADA500C07653 /* Debug */,
				13A508201D4BADA500C07653 /* Release */,
			);
			defaultConfigurationIsVisible = 0;
		};
		13A508211D4BADA500C07653 /* Build configuration list for PBXNativeTarget "FirstCommitUITests" */ = {
			isa = XCConfigurationList;
			buildConfigurations = (
				13A508221D4BADA500C07653 /* Debug */,
				13A508231D4BADA500C07653 /* Release */,
			);
			defaultConfigurationIsVisible = 0;
		};
/* End XCConfigurationList section */
	};
	rootObject = 13A507EB1D4BADA300C07653 /* Project object */;
}
